
Microsoft Visual Studio Solution File, Format Version 12.00
# Visual Studio Version 17
VisualStudioVersion = 17.2.32630.192
MinimumVisualStudioVersion = 10.0.40219.1
Project("{FAE04EC0-301F-11D3-BF4B-00C04F79EFBC}") = "MazeCreator", "MazeCreator\MazeCreator.csproj", "{CEB1A2C6-6CE0-427A-914D-53F9EA668A6D}"
EndProject
Global
	GlobalSection(SolutionConfigurationPlatforms) = preSolution
		Debug|Any CPU = Debug|Any CPU
		Release|Any CPU = Release|Any CPU
	EndGlobalSection
	GlobalSection(ProjectConfigurationPlatforms) = postSolution
		{CEB1A2C6-6CE0-427A-914D-53F9EA668A6D}.Debug|Any CPU.ActiveCfg = Debug|Any CPU
		{CEB1A2C6-6CE0-427A-914D-53F9EA668A6D}.Debug|Any CPU.Build.0 = Debug|Any CPU
		{CEB1A2C6-6CE0-427A-914D-53F9EA668A6D}.Release|Any CPU.ActiveCfg = Release|Any CPU
		{CEB1A2C6-6CE0-427A-914D-53F9EA668A6D}.Release|Any CPU.Build.0 = Release|Any CPU
	EndGlobalSection
	GlobalSection(SolutionProperties) = preSolution
		HideSolutionNode = FALSE
	EndGlobalSection
	GlobalSection(ExtensibilityGlobals) = postSolution
		SolutionGuid = {70369DB9-2074-4FCC-8B29-1EE13DDB2681}
	EndGlobalSection
EndGlobal
